
Microsoft Visual Studio Solution File, Format Version 12.00
# Visual Studio Version 17
VisualStudioVersion = 17.0.31903.59
MinimumVisualStudioVersion = 10.0.40219.1
Project("{9A19103F-16F7-4668-BE54-9A1E7A4F7556}") = "Senate.Portal", "Senate.Portal\Senate.Portal.csproj", "{6722F85D-AC81-4551-A581-BE533FF41485}"
EndProject
Project("{9A19103F-16F7-4668-BE54-9A1E7A4F7556}") = "Senate.Api", "Senate.Api\Senate.Api.csproj", "{FD214554-547F-4ACE-886E-2346A93FAB7C}"
EndProject
Global
	GlobalSection(SolutionConfigurationPlatforms) = preSolution
		Debug|Any CPU = Debug|Any CPU
		Release|Any CPU = Release|Any CPU
	EndGlobalSection
	GlobalSection(ProjectConfigurationPlatforms) = postSolution
		{6722F85D-AC81-4551-A581-BE533FF41485}.Debug|Any CPU.ActiveCfg = Debug|Any CPU
		{6722F85D-AC81-4551-A581-BE533FF41485}.Debug|Any CPU.Build.0 = Debug|Any CPU
		{6722F85D-AC81-4551-A581-BE533FF41485}.Release|Any CPU.ActiveCfg = Release|Any CPU
		{6722F85D-AC81-4551-A581-BE533FF41485}.Release|Any CPU.Build.0 = Release|Any CPU
		{FD214554-547F-4ACE-886E-2346A93FAB7C}.Debug|Any CPU.ActiveCfg = Debug|Any CPU
		{FD214554-547F-4ACE-886E-2346A93FAB7C}.Debug|Any CPU.Build.0 = Debug|Any CPU
		{FD214554-547F-4ACE-886E-2346A93FAB7C}.Release|Any CPU.ActiveCfg = Release|Any CPU
		{FD214554-547F-4ACE-886E-2346A93FAB7C}.Release|Any CPU.Build.0 = Release|Any CPU
	EndGlobalSection
	GlobalSection(SolutionProperties) = preSolution
		HideSolutionNode = FALSE
	EndGlobalSection
	GlobalSection(ExtensibilityGlobals) = postSolution
		SolutionGuid = {C3BF0C03-F6DD-4B6D-B8AF-A28235AE42FB}
	EndGlobalSection
EndGlobal
